
Microsoft Visual Studio Solution File, Format Version 12.00
# Visual Studio Version 16
VisualStudioVersion = 16.0.30114.105
MinimumVisualStudioVersion = 10.0.40219.1
Project("{2150E333-8FDC-42A3-9474-1A3956D46DE8}") = "Domain", "Domain", "{0C33ADF8-0C11-427D-9AD9-42CB8D8AC76E}"
EndProject
Project("{2150E333-8FDC-42A3-9474-1A3956D46DE8}") = "MercadoLivre", "MercadoLivre", "{2B9ADBF5-1B12-4B7D-80AB-9F937EDD67D7}"
EndProject
Project("{FAE04EC0-301F-11D3-BF4B-00C04F79EFBC}") = "Domain.MercadoLivre", "Domain\MercadoLivre\Domain.MercadoLivre\Domain.MercadoLivre.csproj", "{EB277444-617E-46BE-A0BC-8462FBFC69EC}"
EndProject
Project("{2150E333-8FDC-42A3-9474-1A3956D46DE8}") = "Application", "Application", "{EA885FEC-44A0-4784-A93E-AC18CEC22A70}"
EndProject
Project("{2150E333-8FDC-42A3-9474-1A3956D46DE8}") = "MercadoLivre", "MercadoLivre", "{B852B905-9093-4E38-8BAC-4B78CDEF17A4}"
EndProject
Project("{FAE04EC0-301F-11D3-BF4B-00C04F79EFBC}") = "Application.MercadoLivre", "Application\MercadoLivre\Application.MercadoLivre\Application.MercadoLivre.csproj", "{D55DFC74-B746-4A57-98DC-38D6564D6DAE}"
EndProject
Project("{2150E333-8FDC-42A3-9474-1A3956D46DE8}") = "Services", "Services", "{F59202FF-2B64-4281-B49F-37309ABE12DB}"
EndProject
Project("{2150E333-8FDC-42A3-9474-1A3956D46DE8}") = "MercadoLivre", "MercadoLivre", "{55F593C2-9067-47F6-8D6E-D121EC3A201B}"
EndProject
Project("{FAE04EC0-301F-11D3-BF4B-00C04F79EFBC}") = "Services.MercadoLivre", "Services\MercadoLivre\Services.MercadoLivre\Services.MercadoLivre.csproj", "{4D476AA5-8BF9-474C-A7C3-7FDD466D2DDF}"
EndProject
Project("{2150E333-8FDC-42A3-9474-1A3956D46DE8}") = "Infra", "Infra", "{B1A2D00E-764A-41C5-81F1-A1AE140EE838}"
EndProject
Project("{2150E333-8FDC-42A3-9474-1A3956D46DE8}") = "Infra.Data", "Infra.Data", "{BB24F80F-6D2F-43A3-9A6F-16D97536AEB9}"
EndProject
Project("{2150E333-8FDC-42A3-9474-1A3956D46DE8}") = "MercadoLivre", "MercadoLivre", "{E39E5749-60F3-4EEB-ABD5-E60D2600A890}"
EndProject
Project("{FAE04EC0-301F-11D3-BF4B-00C04F79EFBC}") = "Infra.Data.MercadoLivre", "Infra\Infra.Data\MercadoLivre\Infra.Data.MercadoLivre\Infra.Data.MercadoLivre.csproj", "{30DF544D-D473-4BD1-9158-EE5EC89E854A}"
EndProject
Project("{2150E333-8FDC-42A3-9474-1A3956D46DE8}") = "Infra.CrossCutting", "Infra.CrossCutting", "{45D088BD-AB9C-4ECE-9B9A-0D25B4E9F0A9}"
EndProject
Project("{2150E333-8FDC-42A3-9474-1A3956D46DE8}") = "MercadoLivre", "MercadoLivre", "{9B7859E9-768F-455F-9A06-FC6292EE2CA1}"
EndProject
Project("{FAE04EC0-301F-11D3-BF4B-00C04F79EFBC}") = "Infra.CrossCutting.MercadoLivre", "Infra\Infra.CrossCutting\MercadoLivre\Infra.CrossCutting.MercadoLivre\Infra.CrossCutting.MercadoLivre.csproj", "{F875936D-8ACA-4DF4-9940-4EC5049411AB}"
EndProject
Project("{2150E333-8FDC-42A3-9474-1A3956D46DE8}") = "Util", "Util", "{44C28F5B-F989-49A9-A373-5B8F1D2D5D92}"
EndProject
Project("{FAE04EC0-301F-11D3-BF4B-00C04F79EFBC}") = "Domain.Util", "Domain\Util\Domain.Util\Domain.Util.csproj", "{087133B2-6113-44D3-9407-0B1835728624}"
EndProject
Project("{2150E333-8FDC-42A3-9474-1A3956D46DE8}") = "Util", "Util", "{4D81D12C-693E-48A6-B1F4-A98C4557D71E}"
EndProject
Project("{FAE04EC0-301F-11D3-BF4B-00C04F79EFBC}") = "Infra.Data.Util", "Infra\Infra.Data\Infra.Data.Util\Infra.Data.Util.csproj", "{D5A6935C-5784-4B6C-BC07-6D4D5E67841A}"
EndProject
Project("{FAE04EC0-301F-11D3-BF4B-00C04F79EFBC}") = "Katas", "Services\MercadoLivre\Katas\Katas.csproj", "{9EEF747B-B751-4158-B3A1-104AA7B2207D}"
EndProject
Global
	GlobalSection(SolutionConfigurationPlatforms) = preSolution
		Debug|Any CPU = Debug|Any CPU
		Release|Any CPU = Release|Any CPU
	EndGlobalSection
	GlobalSection(SolutionProperties) = preSolution
		HideSolutionNode = FALSE
	EndGlobalSection
	GlobalSection(ProjectConfigurationPlatforms) = postSolution
		{EB277444-617E-46BE-A0BC-8462FBFC69EC}.Debug|Any CPU.ActiveCfg = Debug|Any CPU
		{EB277444-617E-46BE-A0BC-8462FBFC69EC}.Debug|Any CPU.Build.0 = Debug|Any CPU
		{EB277444-617E-46BE-A0BC-8462FBFC69EC}.Release|Any CPU.ActiveCfg = Release|Any CPU
		{EB277444-617E-46BE-A0BC-8462FBFC69EC}.Release|Any CPU.Build.0 = Release|Any CPU
		{D55DFC74-B746-4A57-98DC-38D6564D6DAE}.Debug|Any CPU.ActiveCfg = Debug|Any CPU
		{D55DFC74-B746-4A57-98DC-38D6564D6DAE}.Debug|Any CPU.Build.0 = Debug|Any CPU
		{D55DFC74-B746-4A57-98DC-38D6564D6DAE}.Release|Any CPU.ActiveCfg = Release|Any CPU
		{D55DFC74-B746-4A57-98DC-38D6564D6DAE}.Release|Any CPU.Build.0 = Release|Any CPU
		{4D476AA5-8BF9-474C-A7C3-7FDD466D2DDF}.Debug|Any CPU.ActiveCfg = Debug|Any CPU
		{4D476AA5-8BF9-474C-A7C3-7FDD466D2DDF}.Debug|Any CPU.Build.0 = Debug|Any CPU
		{4D476AA5-8BF9-474C-A7C3-7FDD466D2DDF}.Release|Any CPU.ActiveCfg = Release|Any CPU
		{4D476AA5-8BF9-474C-A7C3-7FDD466D2DDF}.Release|Any CPU.Build.0 = Release|Any CPU
		{30DF544D-D473-4BD1-9158-EE5EC89E854A}.Debug|Any CPU.ActiveCfg = Debug|Any CPU
		{30DF544D-D473-4BD1-9158-EE5EC89E854A}.Debug|Any CPU.Build.0 = Debug|Any CPU
		{30DF544D-D473-4BD1-9158-EE5EC89E854A}.Release|Any CPU.ActiveCfg = Release|Any CPU
		{30DF544D-D473-4BD1-9158-EE5EC89E854A}.Release|Any CPU.Build.0 = Release|Any CPU
		{F875936D-8ACA-4DF4-9940-4EC5049411AB}.Debug|Any CPU.ActiveCfg = Debug|Any CPU
		{F875936D-8ACA-4DF4-9940-4EC5049411AB}.Debug|Any CPU.Build.0 = Debug|Any CPU
		{F875936D-8ACA-4DF4-9940-4EC5049411AB}.Release|Any CPU.ActiveCfg = Release|Any CPU
		{F875936D-8ACA-4DF4-9940-4EC5049411AB}.Release|Any CPU.Build.0 = Release|Any CPU
		{087133B2-6113-44D3-9407-0B1835728624}.Debug|Any CPU.ActiveCfg = Debug|Any CPU
		{087133B2-6113-44D3-9407-0B1835728624}.Debug|Any CPU.Build.0 = Debug|Any CPU
		{087133B2-6113-44D3-9407-0B1835728624}.Release|Any CPU.ActiveCfg = Release|Any CPU
		{087133B2-6113-44D3-9407-0B1835728624}.Release|Any CPU.Build.0 = Release|Any CPU
		{D5A6935C-5784-4B6C-BC07-6D4D5E67841A}.Debug|Any CPU.ActiveCfg = Debug|Any CPU
		{D5A6935C-5784-4B6C-BC07-6D4D5E67841A}.Debug|Any CPU.Build.0 = Debug|Any CPU
		{D5A6935C-5784-4B6C-BC07-6D4D5E67841A}.Release|Any CPU.ActiveCfg = Release|Any CPU
		{D5A6935C-5784-4B6C-BC07-6D4D5E67841A}.Release|Any CPU.Build.0 = Release|Any CPU
		{9EEF747B-B751-4158-B3A1-104AA7B2207D}.Debug|Any CPU.ActiveCfg = Debug|Any CPU
		{9EEF747B-B751-4158-B3A1-104AA7B2207D}.Debug|Any CPU.Build.0 = Debug|Any CPU
		{9EEF747B-B751-4158-B3A1-104AA7B2207D}.Release|Any CPU.ActiveCfg = Release|Any CPU
		{9EEF747B-B751-4158-B3A1-104AA7B2207D}.Release|Any CPU.Build.0 = Release|Any CPU
	EndGlobalSection
	GlobalSection(NestedProjects) = preSolution
		{2B9ADBF5-1B12-4B7D-80AB-9F937EDD67D7} = {0C33ADF8-0C11-427D-9AD9-42CB8D8AC76E}
		{EB277444-617E-46BE-A0BC-8462FBFC69EC} = {2B9ADBF5-1B12-4B7D-80AB-9F937EDD67D7}
		{B852B905-9093-4E38-8BAC-4B78CDEF17A4} = {EA885FEC-44A0-4784-A93E-AC18CEC22A70}
		{D55DFC74-B746-4A57-98DC-38D6564D6DAE} = {B852B905-9093-4E38-8BAC-4B78CDEF17A4}
		{55F593C2-9067-47F6-8D6E-D121EC3A201B} = {F59202FF-2B64-4281-B49F-37309ABE12DB}
		{4D476AA5-8BF9-474C-A7C3-7FDD466D2DDF} = {55F593C2-9067-47F6-8D6E-D121EC3A201B}
		{BB24F80F-6D2F-43A3-9A6F-16D97536AEB9} = {B1A2D00E-764A-41C5-81F1-A1AE140EE838}
		{E39E5749-60F3-4EEB-ABD5-E60D2600A890} = {BB24F80F-6D2F-43A3-9A6F-16D97536AEB9}
		{30DF544D-D473-4BD1-9158-EE5EC89E854A} = {E39E5749-60F3-4EEB-ABD5-E60D2600A890}
		{45D088BD-AB9C-4ECE-9B9A-0D25B4E9F0A9} = {B1A2D00E-764A-41C5-81F1-A1AE140EE838}
		{9B7859E9-768F-455F-9A06-FC6292EE2CA1} = {45D088BD-AB9C-4ECE-9B9A-0D25B4E9F0A9}
		{F875936D-8ACA-4DF4-9940-4EC5049411AB} = {9B7859E9-768F-455F-9A06-FC6292EE2CA1}
		{44C28F5B-F989-49A9-A373-5B8F1D2D5D92} = {0C33ADF8-0C11-427D-9AD9-42CB8D8AC76E}
		{087133B2-6113-44D3-9407-0B1835728624} = {44C28F5B-F989-49A9-A373-5B8F1D2D5D92}
		{4D81D12C-693E-48A6-B1F4-A98C4557D71E} = {BB24F80F-6D2F-43A3-9A6F-16D97536AEB9}
		{D5A6935C-5784-4B6C-BC07-6D4D5E67841A} = {4D81D12C-693E-48A6-B1F4-A98C4557D71E}
		{9EEF747B-B751-4158-B3A1-104AA7B2207D} = {55F593C2-9067-47F6-8D6E-D121EC3A201B}
	EndGlobalSection
EndGlobal
